// !$*UTF8*$!
{
	archiveVersion = 1;
	classes = {
	};
	objectVersion = 46;
	objects = {

/* Begin PBXBuildFile section */
		225730361F702DC400F1F701 /* AppDelegate.swift in Sources */ = {isa = PBXBuildFile; fileRef = 225730351F702DC400F1F701 /* AppDelegate.swift */; };
		225730381F702DC400F1F701 /* ViewController.swift in Sources */ = {isa = PBXBuildFile; fileRef = 225730371F702DC400F1F701 /* ViewController.swift */; };
		2257303B1F702DC400F1F701 /* Main.storyboard in Resources */ = {isa = PBXBuildFile; fileRef = 225730391F702DC400F1F701 /* Main.storyboard */; };
		2257303D1F702DC400F1F701 /* Assets.xcassets in Resources */ = {isa = PBXBuildFile; fileRef = 2257303C1F702DC400F1F701 /* Assets.xcassets */; };
		225730401F702DC400F1F701 /* LaunchScreen.storyboard in Resources */ = {isa = PBXBuildFile; fileRef = 2257303E1F702DC400F1F701 /* LaunchScreen.storyboard */; };
		2257304B1F702DC400F1F701 /* testTests.swift in Sources */ = {isa = PBXBuildFile; fileRef = 2257304A1F702DC400F1F701 /* testTests.swift */; };
		225730561F702DC400F1F701 /* testUITests.swift in Sources */ = {isa = PBXBuildFile; fileRef = 225730551F702DC400F1F701 /* testUITests.swift */; };
/* End PBXBuildFile section */

/* Begin PBXContainerItemProxy section */
		225730471F702DC400F1F701 /* PBXContainerItemProxy */ = {
			isa = PBXContainerItemProxy;
			containerPortal = 2257302A1F702DC400F1F701 /* Project object */;
			proxyType = 1;
			remoteGlobalIDString = 225730311F702DC400F1F701;
			remoteInfo = test;
		};
		225730521F702DC400F1F701 /* PBXContainerItemProxy */ = {
			isa = PBXContainerItemProxy;
			containerPortal = 2257302A1F702DC400F1F701 /* Project object */;
			proxyType = 1;
			remoteGlobalIDString = 225730311F702DC400F1F701;
			remoteInfo = test;
		};
/* End PBXContainerItemProxy section */

/* Begin PBXFileReference section */
		225730321F702DC400F1F701 /* test.app */ = {isa = PBXFileReference; explicitFileType = wrapper.application; includeInIndex = 0; path = test.app; sourceTree = BUILT_PRODUCTS_DIR; };
		225730351F702DC400F1F701 /* AppDelegate.swift */ = {isa = PBXFileReference; lastKnownFileType = sourcecode.swift; path = AppDelegate.swift; sourceTree = "<group>"; };
		225730371F702DC400F1F701 /* ViewController.swift */ = {isa = PBXFileReference; lastKnownFileType = sourcecode.swift; path = ViewController.swift; sourceTree = "<group>"; };
		2257303A1F702DC400F1F701 /* Base */ = {isa = PBXFileReference; lastKnownFileType = file.storyboard; name = Base; path = Base.lproj/Main.storyboard; sourceTree = "<group>"; };
		2257303C1F702DC400F1F701 /* Assets.xcassets */ = {isa = PBXFileReference; lastKnownFileType = folder.assetcatalog; path = Assets.xcassets; sourceTree = "<group>"; };
		2257303F1F702DC400F1F701 /* Base */ = {isa = PBXFileReference; lastKnownFileType = file.storyboard; name = Base; path = Base.lproj/LaunchScreen.storyboard; sourceTree = "<group>"; };
		225730411F702DC400F1F701 /* Info.plist */ = {isa = PBXFileReference; lastKnownFileType = text.plist.xml; path = Info.plist; sourceTree = "<group>"; };
		225730461F702DC400F1F701 /* testTests.xctest */ = {isa = PBXFileReference; explicitFileType = wrapper.cfbundle; includeInIndex = 0; path = testTests.xctest; sourceTree = BUILT_PRODUCTS_DIR; };
		2257304A1F702DC400F1F701 /* testTests.swift */ = {isa = PBXFileReference; lastKnownFileType = sourcecode.swift; path = testTests.swift; sourceTree = "<group>"; };
		2257304C1F702DC400F1F701 /* Info.plist */ = {isa = PBXFileReference; lastKnownFileType = text.plist.xml; path = Info.plist; sourceTree = "<group>"; };
		225730511F702DC400F1F701 /* testUITests.xctest */ = {isa = PBXFileReference; explicitFileType = wrapper.cfbundle; includeInIndex = 0; path = testUITests.xctest; sourceTree = BUILT_PRODUCTS_DIR; };
		225730551F702DC400F1F701 /* testUITests.swift */ = {isa = PBXFileReference; lastKnownFileType = sourcecode.swift; path = testUITests.swift; sourceTree = "<group>"; };
		225730571F702DC400F1F701 /* Info.plist */ = {isa = PBXFileReference; lastKnownFileType = text.plist.xml; path = Info.plist; sourceTree = "<group>"; };
/* End PBXFileReference section */

/* Begin PBXFrameworksBuildPhase section */
		2257302F1F702DC400F1F701 /* Frameworks */ = {
			isa = PBXFrameworksBuildPhase;
			buildActionMask = 2147483647;
			files = (
			);
			runOnlyForDeploymentPostprocessing = 0;
		};
		225730431F702DC400F1F701 /* Frameworks */ = {
			isa = PBXFrameworksBuildPhase;
			buildActionMask = 2147483647;
			files = (
			);
			runOnlyForDeploymentPostprocessing = 0;
		};
		2257304E1F702DC400F1F701 /* Frameworks */ = {
			isa = PBXFrameworksBuildPhase;
			buildActionMask = 2147483647;
			files = (
			);
			runOnlyForDeploymentPostprocessing = 0;
		};
/* End PBXFrameworksBuildPhase section */

/* Begin PBXGroup section */
		225730291F702DC400F1F701 = {
			isa = PBXGroup;
			children = (
				225730341F702DC400F1F701 /* test */,
				225730491F702DC400F1F701 /* testTests */,
				225730541F702DC400F1F701 /* testUITests */,
				225730331F702DC400F1F701 /* Products */,
			);
			sourceTree = "<group>";
		};
		225730331F702DC400F1F701 /* Products */ = {
			isa = PBXGroup;
			children = (
				225730321F702DC400F1F701 /* test.app */,
				225730461F702DC400F1F701 /* testTests.xctest */,
				225730511F702DC400F1F701 /* testUITests.xctest */,
			);
			name = Products;
			sourceTree = "<group>";
		};
		225730341F702DC400F1F701 /* test */ = {
			isa = PBXGroup;
			children = (
				225730351F702DC400F1F701 /* AppDelegate.swift */,
				225730371F702DC400F1F701 /* ViewController.swift */,
				225730391F702DC400F1F701 /* Main.storyboard */,
				2257303C1F702DC400F1F701 /* Assets.xcassets */,
				2257303E1F702DC400F1F701 /* LaunchScreen.storyboard */,
				225730411F702DC400F1F701 /* Info.plist */,
			);
			path = test;
			sourceTree = "<group>";
		};
		225730491F702DC400F1F701 /* testTests */ = {
			isa = PBXGroup;
			children = (
				2257304A1F702DC400F1F701 /* testTests.swift */,
				2257304C1F702DC400F1F701 /* Info.plist */,
			);
			path = testTests;
			sourceTree = "<group>";
		};
		225730541F702DC400F1F701 /* testUITests */ = {
			isa = PBXGroup;
			children = (
				225730551F702DC400F1F701 /* testUITests.swift */,
				225730571F702DC400F1F701 /* Info.plist */,
			);
			path = testUITests;
			sourceTree = "<group>";
		};
/* End PBXGroup section */

/* Begin PBXNativeTarget section */
		225730311F702DC400F1F701 /* test */ = {
			isa = PBXNativeTarget;
			buildConfigurationList = 2257305A1F702DC400F1F701 /* Build configuration list for PBXNativeTarget "test" */;
			buildPhases = (
				2257302E1F702DC400F1F701 /* Sources */,
				2257302F1F702DC400F1F701 /* Frameworks */,
				225730301F702DC400F1F701 /* Resources */,
			);
			buildRules = (
			);
			dependencies = (
			);
			name = test;
			productName = test;
			productReference = 225730321F702DC400F1F701 /* test.app */;
			productType = "com.apple.product-type.application";
		};
		225730451F702DC400F1F701 /* testTests */ = {
			isa = PBXNativeTarget;
			buildConfigurationList = 2257305D1F702DC400F1F701 /* Build configuration list for PBXNativeTarget "testTests" */;
			buildPhases = (
				225730421F702DC400F1F701 /* Sources */,
				225730431F702DC400F1F701 /* Frameworks */,
				225730441F702DC400F1F701 /* Resources */,
			);
			buildRules = (
			);
			dependencies = (
				225730481F702DC400F1F701 /* PBXTargetDependency */,
			);
			name = testTests;
			productName = testTests;
			productReference = 225730461F702DC400F1F701 /* testTests.xctest */;
			productType = "com.apple.product-type.bundle.unit-test";
		};
		225730501F702DC400F1F701 /* testUITests */ = {
			isa = PBXNativeTarget;
			buildConfigurationList = 225730601F702DC400F1F701 /* Build configuration list for PBXNativeTarget "testUITests" */;
			buildPhases = (
				2257304D1F702DC400F1F701 /* Sources */,
				2257304E1F702DC400F1F701 /* Frameworks */,
				2257304F1F702DC400F1F701 /* Resources */,
			);
			buildRules = (
			);
			dependencies = (
				225730531F702DC400F1F701 /* PBXTargetDependency */,
			);
			name = testUITests;
			productName = testUITests;
			productReference = 225730511F702DC400F1F701 /* testUITests.xctest */;
			productType = "com.apple.product-type.bundle.ui-testing";
		};
/* End PBXNativeTarget section */

/* Begin PBXProject section */
		2257302A1F702DC400F1F701 /* Project object */ = {
			isa = PBXProject;
			attributes = {
				LastSwiftUpdateCheck = 0830;
				LastUpgradeCheck = 0830;
				ORGANIZATIONNAME = "Sam Nayerman";
				TargetAttributes = {
					225730311F702DC400F1F701 = {
						CreatedOnToolsVersion = 8.3.3;
						ProvisioningStyle = Automatic;
					};
					225730451F702DC400F1F701 = {
						CreatedOnToolsVersion = 8.3.3;
						ProvisioningStyle = Automatic;
						TestTargetID = 225730311F702DC400F1F701;
					};
					225730501F702DC400F1F701 = {
						CreatedOnToolsVersion = 8.3.3;
						ProvisioningStyle = Automatic;
						TestTargetID = 225730311F702DC400F1F701;
					};
				};
			};
			buildConfigurationList = 2257302D1F702DC400F1F701 /* Build configuration list for PBXProject "test" */;
			compatibilityVersion = "Xcode 3.2";
			developmentRegion = English;
			hasScannedForEncodings = 0;
			knownRegions = (
				en,
				Base,
			);
			mainGroup = 225730291F702DC400F1F701;
			productRefGroup = 225730331F702DC400F1F701 /* Products */;
			projectDirPath = "";
			projectRoot = "";
			targets = (
				225730311F702DC400F1F701 /* test */,
				225730451F702DC400F1F701 /* testTests */,
				225730501F702DC400F1F701 /* testUITests */,
			);
		};
/* End PBXProject section */

/* Begin PBXResourcesBuildPhase section */
		225730301F702DC400F1F701 /* Resources */ = {
			isa = PBXResourcesBuildPhase;
			buildActionMask = 2147483647;
			files = (
				225730401F702DC400F1F701 /* LaunchScreen.storyboard in Resources */,
				2257303D1F702DC400F1F701 /* Assets.xcassets in Resources */,
				2257303B1F702DC400F1F701 /* Main.storyboard in Resources */,
			);
			runOnlyForDeploymentPostprocessing = 0;
		};
		225730441F702DC400F1F701 /* Resources */ = {
			isa = PBXResourcesBuildPhase;
			buildActionMask = 2147483647;
			files = (
			);
			runOnlyForDeploymentPostprocessing = 0;
		};
		2257304F1F702DC400F1F701 /* Resources */ = {
			isa = PBXResourcesBuildPhase;
			buildActionMask = 2147483647;
			files = (
			);
			runOnlyForDeploymentPostprocessing = 0;
		};
/* End PBXResourcesBuildPhase section */

/* Begin PBXSourcesBuildPhase section */
		2257302E1F702DC400F1F701 /* Sources */ = {
			isa = PBXSourcesBuildPhase;
			buildActionMask = 2147483647;
			files = (
				225730381F702DC400F1F701 /* ViewController.swift in Sources */,
				225730361F702DC400F1F701 /* AppDelegate.swift in Sources */,
			);
			runOnlyForDeploymentPostprocessing = 0;
		};
		225730421F702DC400F1F701 /* Sources */ = {
			isa = PBXSourcesBuildPhase;
			buildActionMask = 2147483647;
			files = (
				2257304B1F702DC400F1F701 /* testTests.swift in Sources */,
			);
			runOnlyForDeploymentPostprocessing = 0;
		};
		2257304D1F702DC400F1F701 /* Sources */ = {
			isa = PBXSourcesBuildPhase;
			buildActionMask = 2147483647;
			files = (
				225730561F702DC400F1F701 /* testUITests.swift in Sources */,
			);
			runOnlyForDeploymentPostprocessing = 0;
		};
/* End PBXSourcesBuildPhase section */

/* Begin PBXTargetDependency section */
		225730481F702DC400F1F701 /* PBXTargetDependency */ = {
			isa = PBXTargetDependency;
			target = 225730311F702DC400F1F701 /* test */;
			targetProxy = 225730471F702DC400F1F701 /* PBXContainerItemProxy */;
		};
		225730531F702DC400F1F701 /* PBXTargetDependency */ = {
			isa = PBXTargetDependency;
			target = 225730311F702DC400F1F701 /* test */;
			targetProxy = 225730521F702DC400F1F701 /* PBXContainerItemProxy */;
		};
/* End PBXTargetDependency section */

/* Begin PBXVariantGroup section */
		225730391F702DC400F1F701 /* Main.storyboard */ = {
			isa = PBXVariantGroup;
			children = (
				2257303A1F702DC400F1F701 /* Base */,
			);
			name = Main.storyboard;
			sourceTree = "<group>";
		};
		2257303E1F702DC400F1F701 /* LaunchScreen.storyboard */ = {
			isa = PBXVariantGroup;
			children = (
				2257303F1F702DC400F1F701 /* Base */,
			);
			name = LaunchScreen.storyboard;
			sourceTree = "<group>";
		};
/* End PBXVariantGroup section */

/* Begin XCBuildConfiguration section */
		225730581F702DC400F1F701 /* Debug */ = {
			isa = XCBuildConfiguration;
			buildSettings = {
				ALWAYS_SEARCH_USER_PATHS = NO;
				CLANG_ANALYZER_NONNULL = YES;
				CLANG_ANALYZER_NUMBER_OBJECT_CONVERSION = YES_AGGRESSIVE;
				CLANG_CXX_LANGUAGE_STANDARD = "gnu++0x";
				CLANG_CXX_LIBRARY = "libc++";
				CLANG_ENABLE_MODULES = YES;
				CLANG_ENABLE_OBJC_ARC = YES;
				CLANG_WARN_BOOL_CONVERSION = YES;
				CLANG_WARN_CONSTANT_CONVERSION = YES;
				CLANG_WARN_DIRECT_OBJC_ISA_USAGE = YES_ERROR;
				CLANG_WARN_DOCUMENTATION_COMMENTS = YES;
				CLANG_WARN_EMPTY_BODY = YES;
				CLANG_WARN_ENUM_CONVERSION = YES;
				CLANG_WARN_INFINITE_RECURSION = YES;
				CLANG_WARN_INT_CONVERSION = YES;
				CLANG_WARN_OBJC_ROOT_CLASS = YES_ERROR;
				CLANG_WARN_SUSPICIOUS_MOVE = YES;
				CLANG_WARN_UNREACHABLE_CODE = YES;
				CLANG_WARN__DUPLICATE_METHOD_MATCH = YES;
				"CODE_SIGN_IDENTITY[sdk=iphoneos*]" = "iPhone Developer";
				COPY_PHASE_STRIP = NO;
				DEBUG_INFORMATION_FORMAT = dwarf;
				ENABLE_STRICT_OBJC_MSGSEND = YES;
				ENABLE_TESTABILITY = YES;
				GCC_C_LANGUAGE_STANDARD = gnu99;
				GCC_DYNAMIC_NO_PIC = NO;
				GCC_NO_COMMON_BLOCKS = YES;
				GCC_OPTIMIZATION_LEVEL = 0;
				GCC_PREPROCESSOR_DEFINITIONS = (
					"DEBUG=1",
					"$(inherited)",
				);
				GCC_WARN_64_TO_32_BIT_CONVERSION = YES;
				GCC_WARN_ABOUT_RETURN_TYPE = YES_ERROR;
				GCC_WARN_UNDECLARED_SELECTOR = YES;
				GCC_WARN_UNINITIALIZED_AUTOS = YES_AGGRESSIVE;
				GCC_WARN_UNUSED_FUNCTION = YES;
				GCC_WARN_UNUSED_VARIABLE = YES;
				IPHONEOS_DEPLOYMENT_TARGET = 10.3;
				MTL_ENABLE_DEBUG_INFO = YES;
				ONLY_ACTIVE_ARCH = YES;
				SDKROOT = iphoneos;
				SWIFT_ACTIVE_COMPILATION_CONDITIONS = DEBUG;
				SWIFT_OPTIMIZATION_LEVEL = "-Onone";
				TARGETED_DEVICE_FAMILY = "1,2";
			};
			name = Debug;
		};
		225730591F702DC400F1F701 /* Release */ = {
			isa = XCBuildConfiguration;
			buildSettings = {
				ALWAYS_SEARCH_USER_PATHS = NO;
				CLANG_ANALYZER_NONNULL = YES;
				CLANG_ANALYZER_NUMBER_OBJECT_CONVERSION = YES_AGGRESSIVE;
				CLANG_CXX_LANGUAGE_STANDARD = "gnu++0x";
				CLANG_CXX_LIBRARY = "libc++";
				CLANG_ENABLE_MODULES = YES;
				CLANG_ENABLE_OBJC_ARC = YES;
				CLANG_WARN_BOOL_CONVERSION = YES;
				CLANG_WARN_CONSTANT_CONVERSION = YES;
				CLANG_WARN_DIRECT_OBJC_ISA_USAGE = YES_ERROR;
				CLANG_WARN_DOCUMENTATION_COMMENTS = YES;
				CLANG_WARN_EMPTY_BODY = YES;
				CLANG_WARN_ENUM_CONVERSION = YES;
				CLANG_WARN_INFINITE_RECURSION = YES;
				CLANG_WARN_INT_CONVERSION = YES;
				CLANG_WARN_OBJC_ROOT_CLASS = YES_ERROR;
				CLANG_WARN_SUSPICIOUS_MOVE = YES;
				CLANG_WARN_UNREACHABLE_CODE = YES;
				CLANG_WARN__DUPLICATE_METHOD_MATCH = YES;
				"CODE_SIGN_IDENTITY[sdk=iphoneos*]" = "iPhone Developer";
				COPY_PHASE_STRIP = NO;
				DEBUG_INFORMATION_FORMAT = "dwarf-with-dsym";
				ENABLE_NS_ASSERTIONS = NO;
				ENABLE_STRICT_OBJC_MSGSEND = YES;
				GCC_C_LANGUAGE_STANDARD = gnu99;
				GCC_NO_COMMON_BLOCKS = YES;
				GCC_WARN_64_TO_32_BIT_CONVERSION = YES;
				GCC_WARN_ABOUT_RETURN_TYPE = YES_ERROR;
				GCC_WARN_UNDECLARED_SELECTOR = YES;
				GCC_WARN_UNINITIALIZED_AUTOS = YES_AGGRESSIVE;
				GCC_WARN_UNUSED_FUNCTION = YES;
				GCC_WARN_UNUSED_VARIABLE = YES;
				IPHONEOS_DEPLOYMENT_TARGET = 10.3;
				MTL_ENABLE_DEBUG_INFO = NO;
				SDKROOT = iphoneos;
				SWIFT_OPTIMIZATION_LEVEL = "-Owholemodule";
				TARGETED_DEVICE_FAMILY = "1,2";
				VALIDATE_PRODUCT = YES;
			};
			name = Release;
		};
		2257305B1F702DC400F1F701 /* Debug */ = {
			isa = XCBuildConfiguration;
			buildSettings = {
				ASSETCATALOG_COMPILER_APPICON_NAME = AppIcon;
				INFOPLIST_FILE = test/Info.plist;
				LD_RUNPATH_SEARCH_PATHS = "$(inherited) @executable_path/Frameworks";
				PRODUCT_BUNDLE_IDENTIFIER = i.test;
				PRODUCT_NAME = "$(TARGET_NAME)";
				SWIFT_VERSION = 3.0;
			};
			name = Debug;
		};
		2257305C1F702DC400F1F701 /* Release */ = {
			isa = XCBuildConfiguration;
			buildSettings = {
				ASSETCATALOG_COMPILER_APPICON_NAME = AppIcon;
				INFOPLIST_FILE = test/Info.plist;
				LD_RUNPATH_SEARCH_PATHS = "$(inherited) @executable_path/Frameworks";
				PRODUCT_BUNDLE_IDENTIFIER = i.test;
				PRODUCT_NAME = "$(TARGET_NAME)";
				SWIFT_VERSION = 3.0;
			};
			name = Release;
		};
		2257305E1F702DC400F1F701 /* Debug */ = {
			isa = XCBuildConfiguration;
			buildSettings = {
				ALWAYS_EMBED_SWIFT_STANDARD_LIBRARIES = YES;
				BUNDLE_LOADER = "$(TEST_HOST)";
				INFOPLIST_FILE = testTests/Info.plist;
				LD_RUNPATH_SEARCH_PATHS = "$(inherited) @executable_path/Frameworks @loader_path/Frameworks";
				PRODUCT_BUNDLE_IDENTIFIER = i.testTests;
				PRODUCT_NAME = "$(TARGET_NAME)";
				SWIFT_VERSION = 3.0;
				TEST_HOST = "$(BUILT_PRODUCTS_DIR)/test.app/test";
			};
			name = Debug;
		};
		2257305F1F702DC400F1F701 /* Release */ = {
			isa = XCBuildConfiguration;
			buildSettings = {
				ALWAYS_EMBED_SWIFT_STANDARD_LIBRARIES = YES;
				BUNDLE_LOADER = "$(TEST_HOST)";
				INFOPLIST_FILE = testTests/Info.plist;
				LD_RUNPATH_SEARCH_PATHS = "$(inherited) @executable_path/Frameworks @loader_path/Frameworks";
				PRODUCT_BUNDLE_IDENTIFIER = i.testTests;
				PRODUCT_NAME = "$(TARGET_NAME)";
				SWIFT_VERSION = 3.0;
				TEST_HOST = "$(BUILT_PRODUCTS_DIR)/test.app/test";
			};
			name = Release;
		};
		225730611F702DC400F1F701 /* Debug */ = {
			isa = XCBuildConfiguration;
			buildSettings = {
				ALWAYS_EMBED_SWIFT_STANDARD_LIBRARIES = YES;
				INFOPLIST_FILE = testUITests/Info.plist;
				LD_RUNPATH_SEARCH_PATHS = "$(inherited) @executable_path/Frameworks @loader_path/Frameworks";
				PRODUCT_BUNDLE_IDENTIFIER = i.testUITests;
				PRODUCT_NAME = "$(TARGET_NAME)";
				SWIFT_VERSION = 3.0;
				TEST_TARGET_NAME = test;
			};
			name = Debug;
		};
		225730621F702DC400F1F701 /* Release */ = {
			isa = XCBuildConfiguration;
			buildSettings = {
				ALWAYS_EMBED_SWIFT_STANDARD_LIBRARIES = YES;
				INFOPLIST_FILE = testUITests/Info.plist;
				LD_RUNPATH_SEARCH_PATHS = "$(inherited) @executable_path/Frameworks @loader_path/Frameworks";
				PRODUCT_BUNDLE_IDENTIFIER = i.testUITests;
				PRODUCT_NAME = "$(TARGET_NAME)";
				SWIFT_VERSION = 3.0;
				TEST_TARGET_NAME = test;
			};
			name = Release;
		};
/* End XCBuildConfiguration section */

/* Begin XCConfigurationList section */
		2257302D1F702DC400F1F701 /* Build configuration list for PBXProject "test" */ = {
			isa = XCConfigurationList;
			buildConfigurations = (
				225730581F702DC400F1F701 /* Debug */,
				225730591F702DC400F1F701 /* Release */,
			);
			defaultConfigurationIsVisible = 0;
			defaultConfigurationName = Release;
		};
		2257305A1F702DC400F1F701 /* Build configuration list for PBXNativeTarget "test" */ = {
			isa = XCConfigurationList;
			buildConfigurations = (
				2257305B1F702DC400F1F701 /* Debug */,
				2257305C1F702DC400F1F701 /* Release */,
			);
			defaultConfigurationIsVisible = 0;
		};
		2257305D1F702DC400F1F701 /* Build configuration list for PBXNativeTarget "testTests" */ = {
			isa = XCConfigurationList;
			buildConfigurations = (
				2257305E1F702DC400F1F701 /* Debug */,
				2257305F1F702DC400F1F701 /* Release */,
			);
			defaultConfigurationIsVisible = 0;
		};
		225730601F702DC400F1F701 /* Build configuration list for PBXNativeTarget "testUITests" */ = {
			isa = XCConfigurationList;
			buildConfigurations = (
				225730611F702DC400F1F701 /* Debug */,
				225730621F702DC400F1F701 /* Release */,
			);
			defaultConfigurationIsVisible = 0;
		};
/* End XCConfigurationList section */
	};
	rootObject = 2257302A1F702DC400F1F701 /* Project object */;
}
